# THIS IS AN AUTOGENERATED FILE. DO NOT EDIT THIS FILE DIRECTLY.
# yarn lockfile v1


angular-animate@^1.6.6:
  version "1.6.6"
  resolved "https://registry.yarnpkg.com/angular-animate/-/angular-animate-1.6.6.tgz#6925647b141a040d241bf125040f1a150fcd8a70"

angular-aria@^1.6.6:
  version "1.6.6"
  resolved "https://registry.yarnpkg.com/angular-aria/-/angular-aria-1.6.6.tgz#58dd748e09564bc8409f739bde57b35fbee5b6a5"

angular-base64@^2.0.5:
  version "2.0.5"
  resolved "https://registry.yarnpkg.com/angular-base64/-/angular-base64-2.0.5.tgz#13255562ad1c8e8ca09b9c4b1f4ef966ac4cd093"
  dependencies:
    angular ">= 1.0.8"

angular-material-icons@^0.7.1:
  version "0.7.1"
  resolved "https://registry.yarnpkg.com/angular-material-icons/-/angular-material-icons-0.7.1.tgz#e5eab4853b61c331f58f9e7e6e54b6e1d65e4f9b"
  dependencies:
    angular ">=1.3.0"

angular-material@^1.1.5:
  version "1.1.5"
  resolved "https://registry.yarnpkg.com/angular-material/-/angular-material-1.1.5.tgz#a5450cd8205e15a7691edc389476094cf86d592b"

angular-route@^1.6.6:
  version "1.6.6"
  resolved "https://registry.yarnpkg.com/angular-route/-/angular-route-1.6.6.tgz#8c11748aa195c717b1b615a7e746442bfc7c61f4"

angular-translate-loader-static-files@^2.15.2:
  version "2.15.2"
  resolved "https://registry.yarnpkg.com/angular-translate-loader-static-files/-/angular-translate-loader-static-files-2.15.2.tgz#38f27b0dfd8b631b8ce8b3e0f06aa3f1311105e9"
  dependencies:
    angular-translate "~2.15.2"

angular-translate@^2.15.2, angular-translate@~2.15.2:
  version "2.15.2"
  resolved "https://registry.yarnpkg.com/angular-translate/-/angular-translate-2.15.2.tgz#f9a3c2b8d5daeb7d76c9e2c01ff3c3d57fe12b90"
  dependencies:
    angular ">=1.2.26 <=1.6"

"angular@>= 1.0.8", angular@>=1.3.0, angular@^1.7.9:
  version "1.7.9"
  resolved "https://registry.yarnpkg.com/angular/-/angular-1.7.9.tgz#e52616e8701c17724c3c238cfe4f9446fd570bc4"

"angular@>=1.2.26 <=1.6":
  version "1.6.6"
  resolved "https://registry.yarnpkg.com/angular/-/angular-1.6.6.tgz#fd5a3cfb437ce382d854ee01120797978527cb64"
